
Microsoft Visual Studio Solution File, Format Version 12.00
# Visual Studio 15
VisualStudioVersion = 15.0.26124.0
MinimumVisualStudioVersion = 15.0.26124.0
Project("{FAE04EC0-301F-11D3-BF4B-00C04F79EFBC}") = "MonoMyst.Engine", "MonoMyst.Engine\MonoMyst.Engine.csproj", "{DAACD764-0846-4D35-8757-CB9162B1E4BE}"
EndProject
Project("{FAE04EC0-301F-11D3-BF4B-00C04F79EFBC}") = "MonoMyst.Sandbox", "MonoMyst.Sandbox\MonoMyst.Sandbox.csproj", "{5389818A-BA50-457E-A511-B190FCF192F7}"
EndProject
Project("{FAE04EC0-301F-11D3-BF4B-00C04F79EFBC}") = "MonoMyst.Tests", "MonoMyst.Tests\MonoMyst.Tests.csproj", "{0EA58C7D-907E-4A76-9F53-C32A08383345}"
EndProject
Global
	GlobalSection(SolutionConfigurationPlatforms) = preSolution
		Debug|Any CPU = Debug|Any CPU
		Debug|x64 = Debug|x64
		Debug|x86 = Debug|x86
		Release|Any CPU = Release|Any CPU
		Release|x64 = Release|x64
		Release|x86 = Release|x86
	EndGlobalSection
	GlobalSection(SolutionProperties) = preSolution
		HideSolutionNode = FALSE
	EndGlobalSection
	GlobalSection(ProjectConfigurationPlatforms) = postSolution
		{DAACD764-0846-4D35-8757-CB9162B1E4BE}.Debug|Any CPU.ActiveCfg = Debug|Any CPU
		{DAACD764-0846-4D35-8757-CB9162B1E4BE}.Debug|Any CPU.Build.0 = Debug|Any CPU
		{DAACD764-0846-4D35-8757-CB9162B1E4BE}.Debug|x64.ActiveCfg = Debug|x64
		{DAACD764-0846-4D35-8757-CB9162B1E4BE}.Debug|x64.Build.0 = Debug|x64
		{DAACD764-0846-4D35-8757-CB9162B1E4BE}.Debug|x86.ActiveCfg = Debug|x86
		{DAACD764-0846-4D35-8757-CB9162B1E4BE}.Debug|x86.Build.0 = Debug|x86
		{DAACD764-0846-4D35-8757-CB9162B1E4BE}.Release|Any CPU.ActiveCfg = Release|Any CPU
		{DAACD764-0846-4D35-8757-CB9162B1E4BE}.Release|Any CPU.Build.0 = Release|Any CPU
		{DAACD764-0846-4D35-8757-CB9162B1E4BE}.Release|x64.ActiveCfg = Release|x64
		{DAACD764-0846-4D35-8757-CB9162B1E4BE}.Release|x64.Build.0 = Release|x64
		{DAACD764-0846-4D35-8757-CB9162B1E4BE}.Release|x86.ActiveCfg = Release|x86
		{DAACD764-0846-4D35-8757-CB9162B1E4BE}.Release|x86.Build.0 = Release|x86
		{5389818A-BA50-457E-A511-B190FCF192F7}.Debug|Any CPU.ActiveCfg = Debug|Any CPU
		{5389818A-BA50-457E-A511-B190FCF192F7}.Debug|Any CPU.Build.0 = Debug|Any CPU
		{5389818A-BA50-457E-A511-B190FCF192F7}.Debug|x64.ActiveCfg = Debug|x64
		{5389818A-BA50-457E-A511-B190FCF192F7}.Debug|x64.Build.0 = Debug|x64
		{5389818A-BA50-457E-A511-B190FCF192F7}.Debug|x86.ActiveCfg = Debug|x86
		{5389818A-BA50-457E-A511-B190FCF192F7}.Debug|x86.Build.0 = Debug|x86
		{5389818A-BA50-457E-A511-B190FCF192F7}.Release|Any CPU.ActiveCfg = Release|Any CPU
		{5389818A-BA50-457E-A511-B190FCF192F7}.Release|Any CPU.Build.0 = Release|Any CPU
		{5389818A-BA50-457E-A511-B190FCF192F7}.Release|x64.ActiveCfg = Release|x64
		{5389818A-BA50-457E-A511-B190FCF192F7}.Release|x64.Build.0 = Release|x64
		{5389818A-BA50-457E-A511-B190FCF192F7}.Release|x86.ActiveCfg = Release|x86
		{5389818A-BA50-457E-A511-B190FCF192F7}.Release|x86.Build.0 = Release|x86
		{0EA58C7D-907E-4A76-9F53-C32A08383345}.Debug|Any CPU.ActiveCfg = Debug|Any CPU
		{0EA58C7D-907E-4A76-9F53-C32A08383345}.Debug|Any CPU.Build.0 = Debug|Any CPU
		{0EA58C7D-907E-4A76-9F53-C32A08383345}.Debug|x64.ActiveCfg = Debug|x64
		{0EA58C7D-907E-4A76-9F53-C32A08383345}.Debug|x64.Build.0 = Debug|x64
		{0EA58C7D-907E-4A76-9F53-C32A08383345}.Debug|x86.ActiveCfg = Debug|x86
		{0EA58C7D-907E-4A76-9F53-C32A08383345}.Debug|x86.Build.0 = Debug|x86
		{0EA58C7D-907E-4A76-9F53-C32A08383345}.Release|Any CPU.ActiveCfg = Release|Any CPU
		{0EA58C7D-907E-4A76-9F53-C32A08383345}.Release|Any CPU.Build.0 = Release|Any CPU
		{0EA58C7D-907E-4A76-9F53-C32A08383345}.Release|x64.ActiveCfg = Release|x64
		{0EA58C7D-907E-4A76-9F53-C32A08383345}.Release|x64.Build.0 = Release|x64
		{0EA58C7D-907E-4A76-9F53-C32A08383345}.Release|x86.ActiveCfg = Release|x86
		{0EA58C7D-907E-4A76-9F53-C32A08383345}.Release|x86.Build.0 = Release|x86
	EndGlobalSection
EndGlobal
