
Microsoft Visual Studio Solution File, Format Version 12.00
# Visual Studio 15
VisualStudioVersion = 15.0.27004.2006
MinimumVisualStudioVersion = 10.0.40219.1
Project("{FAE04EC0-301F-11D3-BF4B-00C04F79EFBC}") = "MonoMyst.Engine", "MonoMyst.Engine\MonoMyst.Engine.csproj", "{9F423CC6-3190-4468-A18E-505398B64C4D}"
EndProject
Project("{FAE04EC0-301F-11D3-BF4B-00C04F79EFBC}") = "MonoMyst.Sandbox", "MonoMyst.Sandbox\MonoMyst.Sandbox.csproj", "{9E29FFDD-A0AE-4BD3-A0FA-90C93E01EF6C}"
EndProject
Global
	GlobalSection(SolutionConfigurationPlatforms) = preSolution
		Debug|Any CPU = Debug|Any CPU
		Release|Any CPU = Release|Any CPU
	EndGlobalSection
	GlobalSection(ProjectConfigurationPlatforms) = postSolution
		{9F423CC6-3190-4468-A18E-505398B64C4D}.Debug|Any CPU.ActiveCfg = Debug|Any CPU
		{9F423CC6-3190-4468-A18E-505398B64C4D}.Debug|Any CPU.Build.0 = Debug|Any CPU
		{9F423CC6-3190-4468-A18E-505398B64C4D}.Release|Any CPU.ActiveCfg = Release|Any CPU
		{9F423CC6-3190-4468-A18E-505398B64C4D}.Release|Any CPU.Build.0 = Release|Any CPU
		{9E29FFDD-A0AE-4BD3-A0FA-90C93E01EF6C}.Debug|Any CPU.ActiveCfg = Debug|Any CPU
		{9E29FFDD-A0AE-4BD3-A0FA-90C93E01EF6C}.Debug|Any CPU.Build.0 = Debug|Any CPU
		{9E29FFDD-A0AE-4BD3-A0FA-90C93E01EF6C}.Release|Any CPU.ActiveCfg = Release|Any CPU
		{9E29FFDD-A0AE-4BD3-A0FA-90C93E01EF6C}.Release|Any CPU.Build.0 = Release|Any CPU
	EndGlobalSection
	GlobalSection(SolutionProperties) = preSolution
		HideSolutionNode = FALSE
	EndGlobalSection
	GlobalSection(ExtensibilityGlobals) = postSolution
		SolutionGuid = {C2CAAC42-95EB-4BC5-B434-99BC74F6CC1C}
	EndGlobalSection
EndGlobal
